{
  "name": "sentiment-multilang",
  "version": "0.0.2",
  "lockfileVersion": 3,
  "requires": true,
  "packages": {
    "": {
      "name": "sentiment-multilang",
      "version": "0.0.2",
      "license": "MIT",
      "dependencies": {
        "sentiment-multilang": "^0.0.2"
      }
    },
    "node_modules/sentiment-multilang": {
      "version": "0.0.2",
      "resolved": "https://registry.npmjs.org/sentiment-multilang/-/sentiment-multilang-0.0.2.tgz",
      "integrity": "sha512-IbpI5l7kla/11jbI3q5kw3bqQ1NpUnh5KOGmM3D5TaXANg2vGeVU83n7i5geH28OMexORlW5ktGsr0G/hjhA6Q==",
      "license": "MIT"
    }
  }
}
